// !$*UTF8*$!
{
	archiveVersion = 1;
	classes = {
	};
	objectVersion = 46;
	objects = {

/* Begin PBXBuildFile section */
		8483EF91154907F00066DE72 /* Foundation.framework in Frameworks */ = {isa = PBXBuildFile; fileRef = 8483EF90154907F00066DE72 /* Foundation.framework */; };
		8483EF94154907F00066DE72 /* main.m in Sources */ = {isa = PBXBuildFile; fileRef = 8483EF93154907F00066DE72 /* main.m */; };
		8483EF98154907F00066DE72 /* Shapes_Procedural_2.1 in CopyFiles */ = {isa = PBXBuildFile; fileRef = 8483EF97154907F00066DE72 /* Shapes_Procedural_2.1 */; };
/* End PBXBuildFile section */

/* Begin PBXCopyFilesBuildPhase section */
		8483EF8A154907F00066DE72 /* CopyFiles */ = {
			isa = PBXCopyFilesBuildPhase;
			buildActionMask = 2147483647;
			dstPath = /usr/share/man/man1/;
			dstSubfolderSpec = 0;
			files = (
				8483EF98154907F00066DE72 /* Shapes_Procedural_2.1 in CopyFiles */,
			);
			runOnlyForDeploymentPostprocessing = 1;
		};
/* End PBXCopyFilesBuildPhase section */

/* Begin PBXFileReference section */
		8483EF8C154907F00066DE72 /* Shapes-Procedural-2 */ = {isa = PBXFileReference; explicitFileType = "compiled.mach-o.executable"; includeInIndex = 0; path = "Shapes-Procedural-2"; sourceTree = BUILT_PRODUCTS_DIR; };
		8483EF90154907F00066DE72 /* Foundation.framework */ = {isa = PBXFileReference; lastKnownFileType = wrapper.framework; name = Foundation.framework; path = System/Library/Frameworks/Foundation.framework; sourceTree = SDKROOT; };
		8483EF93154907F00066DE72 /* main.m */ = {isa = PBXFileReference; lastKnownFileType = sourcecode.c.objc; path = main.m; sourceTree = "<group>"; };
		8483EF96154907F00066DE72 /* Shapes-Procedural-2-Prefix.pch */ = {isa = PBXFileReference; lastKnownFileType = sourcecode.c.h; path = "Shapes-Procedural-2-Prefix.pch"; sourceTree = "<group>"; };
		8483EF97154907F00066DE72 /* Shapes_Procedural_2.1 */ = {isa = PBXFileReference; lastKnownFileType = text.man; path = Shapes_Procedural_2.1; sourceTree = "<group>"; };
/* End PBXFileReference section */

/* Begin PBXFrameworksBuildPhase section */
		8483EF89154907F00066DE72 /* Frameworks */ = {
			isa = PBXFrameworksBuildPhase;
			buildActionMask = 2147483647;
			files = (
				8483EF91154907F00066DE72 /* Foundation.framework in Frameworks */,
			);
			runOnlyForDeploymentPostprocessing = 0;
		};
/* End PBXFrameworksBuildPhase section */

/* Begin PBXGroup section */
		8483EF81154907F00066DE72 = {
			isa = PBXGroup;
			children = (
				8483EF92154907F00066DE72 /* Shapes-Procedural-2 */,
				8483EF8F154907F00066DE72 /* Frameworks */,
				8483EF8D154907F00066DE72 /* Products */,
			);
			sourceTree = "<group>";
		};
		8483EF8D154907F00066DE72 /* Products */ = {
			isa = PBXGroup;
			children = (
				8483EF8C154907F00066DE72 /* Shapes-Procedural-2 */,
			);
			name = Products;
			sourceTree = "<group>";
		};
		8483EF8F154907F00066DE72 /* Frameworks */ = {
			isa = PBXGroup;
			children = (
				8483EF90154907F00066DE72 /* Foundation.framework */,
			);
			name = Frameworks;
			sourceTree = "<group>";
		};
		8483EF92154907F00066DE72 /* Shapes-Procedural-2 */ = {
			isa = PBXGroup;
			children = (
				8483EF93154907F00066DE72 /* main.m */,
				8483EF97154907F00066DE72 /* Shapes_Procedural_2.1 */,
				8483EF95154907F00066DE72 /* Supporting Files */,
			);
			path = "Shapes-Procedural-2";
			sourceTree = "<group>";
		};
		8483EF95154907F00066DE72 /* Supporting Files */ = {
			isa = PBXGroup;
			children = (
				8483EF96154907F00066DE72 /* Shapes-Procedural-2-Prefix.pch */,
			);
			name = "Supporting Files";
			sourceTree = "<group>";
		};
/* End PBXGroup section */

/* Begin PBXNativeTarget section */
		8483EF8B154907F00066DE72 /* Shapes-Procedural-2 */ = {
			isa = PBXNativeTarget;
			buildConfigurationList = 8483EF9B154907F00066DE72 /* Build configuration list for PBXNativeTarget "Shapes-Procedural-2" */;
			buildPhases = (
				8483EF88154907F00066DE72 /* Sources */,
				8483EF89154907F00066DE72 /* Frameworks */,
				8483EF8A154907F00066DE72 /* CopyFiles */,
			);
			buildRules = (
			);
			dependencies = (
			);
			name = "Shapes-Procedural-2";
			productName = "Shapes-Procedural-2";
			productReference = 8483EF8C154907F00066DE72 /* Shapes-Procedural-2 */;
			productType = "com.apple.product-type.tool";
		};
/* End PBXNativeTarget section */

/* Begin PBXProject section */
		8483EF83154907F00066DE72 /* Project object */ = {
			isa = PBXProject;
			attributes = {
				LastUpgradeCheck = 0430;
			};
			buildConfigurationList = 8483EF86154907F00066DE72 /* Build configuration list for PBXProject "Shapes-Procedural-2" */;
			compatibilityVersion = "Xcode 3.2";
			developmentRegion = English;
			hasScannedForEncodings = 0;
			knownRegions = (
				en,
			);
			mainGroup = 8483EF81154907F00066DE72;
			productRefGroup = 8483EF8D154907F00066DE72 /* Products */;
			projectDirPath = "";
			projectRoot = "";
			targets = (
				8483EF8B154907F00066DE72 /* Shapes-Procedural-2 */,
			);
		};
/* End PBXProject section */

/* Begin PBXSourcesBuildPhase section */
		8483EF88154907F00066DE72 /* Sources */ = {
			isa = PBXSourcesBuildPhase;
			buildActionMask = 2147483647;
			files = (
				8483EF94154907F00066DE72 /* main.m in Sources */,
			);
			runOnlyForDeploymentPostprocessing = 0;
		};
/* End PBXSourcesBuildPhase section */

/* Begin XCBuildConfiguration section */
		8483EF99154907F00066DE72 /* Debug */ = {
			isa = XCBuildConfiguration;
			buildSettings = {
				ALWAYS_SEARCH_USER_PATHS = NO;
				ARCHS = "$(ARCHS_STANDARD_64_BIT)";
				COPY_PHASE_STRIP = NO;
				GCC_C_LANGUAGE_STANDARD = gnu99;
				GCC_DYNAMIC_NO_PIC = NO;
				GCC_ENABLE_OBJC_EXCEPTIONS = YES;
				GCC_OPTIMIZATION_LEVEL = 0;
				GCC_PREPROCESSOR_DEFINITIONS = (
					"DEBUG=1",
					"$(inherited)",
				);
				GCC_SYMBOLS_PRIVATE_EXTERN = NO;
				GCC_VERSION = com.apple.compilers.llvm.clang.1_0;
				GCC_WARN_64_TO_32_BIT_CONVERSION = YES;
				GCC_WARN_ABOUT_RETURN_TYPE = YES;
				GCC_WARN_UNINITIALIZED_AUTOS = YES;
				GCC_WARN_UNUSED_VARIABLE = YES;
				MACOSX_DEPLOYMENT_TARGET = 10.7;
				ONLY_ACTIVE_ARCH = YES;
				SDKROOT = macosx;
			};
			name = Debug;
		};
		8483EF9A154907F00066DE72 /* Release */ = {
			isa = XCBuildConfiguration;
			buildSettings = {
				ALWAYS_SEARCH_USER_PATHS = NO;
				ARCHS = "$(ARCHS_STANDARD_64_BIT)";
				COPY_PHASE_STRIP = YES;
				DEBUG_INFORMATION_FORMAT = "dwarf-with-dsym";
				GCC_C_LANGUAGE_STANDARD = gnu99;
				GCC_ENABLE_OBJC_EXCEPTIONS = YES;
				GCC_VERSION = com.apple.compilers.llvm.clang.1_0;
				GCC_WARN_64_TO_32_BIT_CONVERSION = YES;
				GCC_WARN_ABOUT_RETURN_TYPE = YES;
				GCC_WARN_UNINITIALIZED_AUTOS = YES;
				GCC_WARN_UNUSED_VARIABLE = YES;
				MACOSX_DEPLOYMENT_TARGET = 10.7;
				SDKROOT = macosx;
			};
			name = Release;
		};
		8483EF9C154907F00066DE72 /* Debug */ = {
			isa = XCBuildConfiguration;
			buildSettings = {
				GCC_PRECOMPILE_PREFIX_HEADER = YES;
				GCC_PREFIX_HEADER = "Shapes-Procedural-2/Shapes-Procedural-2-Prefix.pch";
				PRODUCT_NAME = "$(TARGET_NAME)";
			};
			name = Debug;
		};
		8483EF9D154907F00066DE72 /* Release */ = {
			isa = XCBuildConfiguration;
			buildSettings = {
				GCC_PRECOMPILE_PREFIX_HEADER = YES;
				GCC_PREFIX_HEADER = "Shapes-Procedural-2/Shapes-Procedural-2-Prefix.pch";
				PRODUCT_NAME = "$(TARGET_NAME)";
			};
			name = Release;
		};
/* End XCBuildConfiguration section */

/* Begin XCConfigurationList section */
		8483EF86154907F00066DE72 /* Build configuration list for PBXProject "Shapes-Procedural-2" */ = {
			isa = XCConfigurationList;
			buildConfigurations = (
				8483EF99154907F00066DE72 /* Debug */,
				8483EF9A154907F00066DE72 /* Release */,
			);
			defaultConfigurationIsVisible = 0;
			defaultConfigurationName = Release;
		};
		8483EF9B154907F00066DE72 /* Build configuration list for PBXNativeTarget "Shapes-Procedural-2" */ = {
			isa = XCConfigurationList;
			buildConfigurations = (
				8483EF9C154907F00066DE72 /* Debug */,
				8483EF9D154907F00066DE72 /* Release */,
			);
			defaultConfigurationIsVisible = 0;
		};
/* End XCConfigurationList section */
	};
	rootObject = 8483EF83154907F00066DE72 /* Project object */;
}
