
Microsoft Visual Studio Solution File, Format Version 12.00
# Visual Studio 2013
VisualStudioVersion = 12.0.30501.0
MinimumVisualStudioVersion = 10.0.40219.1
Project("{8BC9CEB8-8B4A-11D0-8D11-00A0C91BC942}") = "AvxPackedIntegerThreshold", "AvxPackedIntegerThreshold\AvxPackedIntegerThreshold.vcxproj", "{03717627-E56B-4B4B-AF13-33E70A7447C8}"
EndProject
Global
	GlobalSection(SolutionConfigurationPlatforms) = preSolution
		Debug|Win32 = Debug|Win32
		Release|Win32 = Release|Win32
	EndGlobalSection
	GlobalSection(ProjectConfigurationPlatforms) = postSolution
		{03717627-E56B-4B4B-AF13-33E70A7447C8}.Debug|Win32.ActiveCfg = Debug|Win32
		{03717627-E56B-4B4B-AF13-33E70A7447C8}.Debug|Win32.Build.0 = Debug|Win32
		{03717627-E56B-4B4B-AF13-33E70A7447C8}.Release|Win32.ActiveCfg = Release|Win32
		{03717627-E56B-4B4B-AF13-33E70A7447C8}.Release|Win32.Build.0 = Release|Win32
	EndGlobalSection
	GlobalSection(SolutionProperties) = preSolution
		HideSolutionNode = FALSE
	EndGlobalSection
EndGlobal
