// !$*UTF8*$!
{
	archiveVersion = 1;
	classes = {
	};
	objectVersion = 46;
	objects = {

/* Begin PBXBuildFile section */
		84CB6BBB1526C2B3002F74E1 /* Foundation.framework in Frameworks */ = {isa = PBXBuildFile; fileRef = 84CB6BBA1526C2B3002F74E1 /* Foundation.framework */; };
		84CB6BBE1526C2B3002F74E1 /* main.m in Sources */ = {isa = PBXBuildFile; fileRef = 84CB6BBD1526C2B3002F74E1 /* main.m */; };
		84CB6BC21526C2B3002F74E1 /* CarProperties.1 in CopyFiles */ = {isa = PBXBuildFile; fileRef = 84CB6BC11526C2B3002F74E1 /* CarProperties.1 */; };
		84CB6BD21526C2F6002F74E1 /* AllWeatherRadial.m in Sources */ = {isa = PBXBuildFile; fileRef = 84CB6BC91526C2F5002F74E1 /* AllWeatherRadial.m */; };
		84CB6BD31526C2F6002F74E1 /* Car.m in Sources */ = {isa = PBXBuildFile; fileRef = 84CB6BCB1526C2F5002F74E1 /* Car.m */; };
		84CB6BD41526C2F6002F74E1 /* Engine.m in Sources */ = {isa = PBXBuildFile; fileRef = 84CB6BCD1526C2F5002F74E1 /* Engine.m */; };
		84CB6BD51526C2F6002F74E1 /* Slant6.m in Sources */ = {isa = PBXBuildFile; fileRef = 84CB6BCF1526C2F5002F74E1 /* Slant6.m */; };
		84CB6BD61526C2F6002F74E1 /* Tire.m in Sources */ = {isa = PBXBuildFile; fileRef = 84CB6BD11526C2F5002F74E1 /* Tire.m */; };
/* End PBXBuildFile section */

/* Begin PBXCopyFilesBuildPhase section */
		84CB6BB41526C2B3002F74E1 /* CopyFiles */ = {
			isa = PBXCopyFilesBuildPhase;
			buildActionMask = 2147483647;
			dstPath = /usr/share/man/man1/;
			dstSubfolderSpec = 0;
			files = (
				84CB6BC21526C2B3002F74E1 /* CarProperties.1 in CopyFiles */,
			);
			runOnlyForDeploymentPostprocessing = 1;
		};
/* End PBXCopyFilesBuildPhase section */

/* Begin PBXFileReference section */
		84CB6BB61526C2B3002F74E1 /* CarProperties */ = {isa = PBXFileReference; explicitFileType = "compiled.mach-o.executable"; includeInIndex = 0; path = CarProperties; sourceTree = BUILT_PRODUCTS_DIR; };
		84CB6BBA1526C2B3002F74E1 /* Foundation.framework */ = {isa = PBXFileReference; lastKnownFileType = wrapper.framework; name = Foundation.framework; path = System/Library/Frameworks/Foundation.framework; sourceTree = SDKROOT; };
		84CB6BBD1526C2B3002F74E1 /* main.m */ = {isa = PBXFileReference; lastKnownFileType = sourcecode.c.objc; path = main.m; sourceTree = "<group>"; };
		84CB6BC01526C2B3002F74E1 /* CarProperties-Prefix.pch */ = {isa = PBXFileReference; lastKnownFileType = sourcecode.c.h; path = "CarProperties-Prefix.pch"; sourceTree = "<group>"; };
		84CB6BC11526C2B3002F74E1 /* CarProperties.1 */ = {isa = PBXFileReference; lastKnownFileType = text.man; path = CarProperties.1; sourceTree = "<group>"; };
		84CB6BC81526C2F5002F74E1 /* AllWeatherRadial.h */ = {isa = PBXFileReference; fileEncoding = 4; lastKnownFileType = sourcecode.c.h; path = AllWeatherRadial.h; sourceTree = "<group>"; };
		84CB6BC91526C2F5002F74E1 /* AllWeatherRadial.m */ = {isa = PBXFileReference; fileEncoding = 4; lastKnownFileType = sourcecode.c.objc; path = AllWeatherRadial.m; sourceTree = "<group>"; };
		84CB6BCA1526C2F5002F74E1 /* Car.h */ = {isa = PBXFileReference; fileEncoding = 4; lastKnownFileType = sourcecode.c.h; path = Car.h; sourceTree = "<group>"; };
		84CB6BCB1526C2F5002F74E1 /* Car.m */ = {isa = PBXFileReference; fileEncoding = 4; lastKnownFileType = sourcecode.c.objc; path = Car.m; sourceTree = "<group>"; };
		84CB6BCC1526C2F5002F74E1 /* Engine.h */ = {isa = PBXFileReference; fileEncoding = 4; lastKnownFileType = sourcecode.c.h; path = Engine.h; sourceTree = "<group>"; };
		84CB6BCD1526C2F5002F74E1 /* Engine.m */ = {isa = PBXFileReference; fileEncoding = 4; lastKnownFileType = sourcecode.c.objc; path = Engine.m; sourceTree = "<group>"; };
		84CB6BCE1526C2F5002F74E1 /* Slant6.h */ = {isa = PBXFileReference; fileEncoding = 4; lastKnownFileType = sourcecode.c.h; path = Slant6.h; sourceTree = "<group>"; };
		84CB6BCF1526C2F5002F74E1 /* Slant6.m */ = {isa = PBXFileReference; fileEncoding = 4; lastKnownFileType = sourcecode.c.objc; path = Slant6.m; sourceTree = "<group>"; };
		84CB6BD01526C2F5002F74E1 /* Tire.h */ = {isa = PBXFileReference; fileEncoding = 4; lastKnownFileType = sourcecode.c.h; path = Tire.h; sourceTree = "<group>"; };
		84CB6BD11526C2F5002F74E1 /* Tire.m */ = {isa = PBXFileReference; fileEncoding = 4; lastKnownFileType = sourcecode.c.objc; path = Tire.m; sourceTree = "<group>"; };
/* End PBXFileReference section */

/* Begin PBXFrameworksBuildPhase section */
		84CB6BB31526C2B3002F74E1 /* Frameworks */ = {
			isa = PBXFrameworksBuildPhase;
			buildActionMask = 2147483647;
			files = (
				84CB6BBB1526C2B3002F74E1 /* Foundation.framework in Frameworks */,
			);
			runOnlyForDeploymentPostprocessing = 0;
		};
/* End PBXFrameworksBuildPhase section */

/* Begin PBXGroup section */
		84CB6BAB1526C2B3002F74E1 = {
			isa = PBXGroup;
			children = (
				84CB6BBC1526C2B3002F74E1 /* CarProperties */,
				84CB6BB91526C2B3002F74E1 /* Frameworks */,
				84CB6BB71526C2B3002F74E1 /* Products */,
			);
			sourceTree = "<group>";
		};
		84CB6BB71526C2B3002F74E1 /* Products */ = {
			isa = PBXGroup;
			children = (
				84CB6BB61526C2B3002F74E1 /* CarProperties */,
			);
			name = Products;
			sourceTree = "<group>";
		};
		84CB6BB91526C2B3002F74E1 /* Frameworks */ = {
			isa = PBXGroup;
			children = (
				84CB6BBA1526C2B3002F74E1 /* Foundation.framework */,
			);
			name = Frameworks;
			sourceTree = "<group>";
		};
		84CB6BBC1526C2B3002F74E1 /* CarProperties */ = {
			isa = PBXGroup;
			children = (
				84CB6BBD1526C2B3002F74E1 /* main.m */,
				84CB6BC81526C2F5002F74E1 /* AllWeatherRadial.h */,
				84CB6BC91526C2F5002F74E1 /* AllWeatherRadial.m */,
				84CB6BCA1526C2F5002F74E1 /* Car.h */,
				84CB6BCB1526C2F5002F74E1 /* Car.m */,
				84CB6BCC1526C2F5002F74E1 /* Engine.h */,
				84CB6BCD1526C2F5002F74E1 /* Engine.m */,
				84CB6BCE1526C2F5002F74E1 /* Slant6.h */,
				84CB6BCF1526C2F5002F74E1 /* Slant6.m */,
				84CB6BD01526C2F5002F74E1 /* Tire.h */,
				84CB6BD11526C2F5002F74E1 /* Tire.m */,
				84CB6BC11526C2B3002F74E1 /* CarProperties.1 */,
				84CB6BBF1526C2B3002F74E1 /* Supporting Files */,
			);
			path = CarProperties;
			sourceTree = "<group>";
		};
		84CB6BBF1526C2B3002F74E1 /* Supporting Files */ = {
			isa = PBXGroup;
			children = (
				84CB6BC01526C2B3002F74E1 /* CarProperties-Prefix.pch */,
			);
			name = "Supporting Files";
			sourceTree = "<group>";
		};
/* End PBXGroup section */

/* Begin PBXNativeTarget section */
		84CB6BB51526C2B3002F74E1 /* CarProperties */ = {
			isa = PBXNativeTarget;
			buildConfigurationList = 84CB6BC51526C2B3002F74E1 /* Build configuration list for PBXNativeTarget "CarProperties" */;
			buildPhases = (
				84CB6BB21526C2B3002F74E1 /* Sources */,
				84CB6BB31526C2B3002F74E1 /* Frameworks */,
				84CB6BB41526C2B3002F74E1 /* CopyFiles */,
			);
			buildRules = (
			);
			dependencies = (
			);
			name = CarProperties;
			productName = CarProperties;
			productReference = 84CB6BB61526C2B3002F74E1 /* CarProperties */;
			productType = "com.apple.product-type.tool";
		};
/* End PBXNativeTarget section */

/* Begin PBXProject section */
		84CB6BAD1526C2B3002F74E1 /* Project object */ = {
			isa = PBXProject;
			attributes = {
				LastUpgradeCheck = 0430;
			};
			buildConfigurationList = 84CB6BB01526C2B3002F74E1 /* Build configuration list for PBXProject "CarProperties" */;
			compatibilityVersion = "Xcode 3.2";
			developmentRegion = English;
			hasScannedForEncodings = 0;
			knownRegions = (
				en,
			);
			mainGroup = 84CB6BAB1526C2B3002F74E1;
			productRefGroup = 84CB6BB71526C2B3002F74E1 /* Products */;
			projectDirPath = "";
			projectRoot = "";
			targets = (
				84CB6BB51526C2B3002F74E1 /* CarProperties */,
			);
		};
/* End PBXProject section */

/* Begin PBXSourcesBuildPhase section */
		84CB6BB21526C2B3002F74E1 /* Sources */ = {
			isa = PBXSourcesBuildPhase;
			buildActionMask = 2147483647;
			files = (
				84CB6BBE1526C2B3002F74E1 /* main.m in Sources */,
				84CB6BD21526C2F6002F74E1 /* AllWeatherRadial.m in Sources */,
				84CB6BD31526C2F6002F74E1 /* Car.m in Sources */,
				84CB6BD41526C2F6002F74E1 /* Engine.m in Sources */,
				84CB6BD51526C2F6002F74E1 /* Slant6.m in Sources */,
				84CB6BD61526C2F6002F74E1 /* Tire.m in Sources */,
			);
			runOnlyForDeploymentPostprocessing = 0;
		};
/* End PBXSourcesBuildPhase section */

/* Begin XCBuildConfiguration section */
		84CB6BC31526C2B3002F74E1 /* Debug */ = {
			isa = XCBuildConfiguration;
			buildSettings = {
				ALWAYS_SEARCH_USER_PATHS = NO;
				ARCHS = "$(ARCHS_STANDARD_64_BIT)";
				CLANG_ENABLE_OBJC_ARC = NO;
				COPY_PHASE_STRIP = NO;
				GCC_C_LANGUAGE_STANDARD = gnu99;
				GCC_DYNAMIC_NO_PIC = NO;
				GCC_ENABLE_OBJC_EXCEPTIONS = YES;
				GCC_OPTIMIZATION_LEVEL = 0;
				GCC_PREPROCESSOR_DEFINITIONS = (
					"DEBUG=1",
					"$(inherited)",
				);
				GCC_SYMBOLS_PRIVATE_EXTERN = NO;
				GCC_VERSION = com.apple.compilers.llvm.clang.1_0;
				GCC_WARN_64_TO_32_BIT_CONVERSION = YES;
				GCC_WARN_ABOUT_RETURN_TYPE = YES;
				GCC_WARN_UNINITIALIZED_AUTOS = YES;
				GCC_WARN_UNUSED_VARIABLE = YES;
				MACOSX_DEPLOYMENT_TARGET = 10.7;
				ONLY_ACTIVE_ARCH = YES;
				SDKROOT = macosx;
			};
			name = Debug;
		};
		84CB6BC41526C2B3002F74E1 /* Release */ = {
			isa = XCBuildConfiguration;
			buildSettings = {
				ALWAYS_SEARCH_USER_PATHS = NO;
				ARCHS = "$(ARCHS_STANDARD_64_BIT)";
				CLANG_ENABLE_OBJC_ARC = NO;
				COPY_PHASE_STRIP = YES;
				DEBUG_INFORMATION_FORMAT = "dwarf-with-dsym";
				GCC_C_LANGUAGE_STANDARD = gnu99;
				GCC_ENABLE_OBJC_EXCEPTIONS = YES;
				GCC_VERSION = com.apple.compilers.llvm.clang.1_0;
				GCC_WARN_64_TO_32_BIT_CONVERSION = YES;
				GCC_WARN_ABOUT_RETURN_TYPE = YES;
				GCC_WARN_UNINITIALIZED_AUTOS = YES;
				GCC_WARN_UNUSED_VARIABLE = YES;
				MACOSX_DEPLOYMENT_TARGET = 10.7;
				SDKROOT = macosx;
			};
			name = Release;
		};
		84CB6BC61526C2B3002F74E1 /* Debug */ = {
			isa = XCBuildConfiguration;
			buildSettings = {
				CLANG_ENABLE_OBJC_ARC = YES;
				GCC_PRECOMPILE_PREFIX_HEADER = YES;
				GCC_PREFIX_HEADER = "CarProperties/CarProperties-Prefix.pch";
				PRODUCT_NAME = "$(TARGET_NAME)";
			};
			name = Debug;
		};
		84CB6BC71526C2B3002F74E1 /* Release */ = {
			isa = XCBuildConfiguration;
			buildSettings = {
				CLANG_ENABLE_OBJC_ARC = YES;
				GCC_PRECOMPILE_PREFIX_HEADER = YES;
				GCC_PREFIX_HEADER = "CarProperties/CarProperties-Prefix.pch";
				PRODUCT_NAME = "$(TARGET_NAME)";
			};
			name = Release;
		};
/* End XCBuildConfiguration section */

/* Begin XCConfigurationList section */
		84CB6BB01526C2B3002F74E1 /* Build configuration list for PBXProject "CarProperties" */ = {
			isa = XCConfigurationList;
			buildConfigurations = (
				84CB6BC31526C2B3002F74E1 /* Debug */,
				84CB6BC41526C2B3002F74E1 /* Release */,
			);
			defaultConfigurationIsVisible = 0;
			defaultConfigurationName = Release;
		};
		84CB6BC51526C2B3002F74E1 /* Build configuration list for PBXNativeTarget "CarProperties" */ = {
			isa = XCConfigurationList;
			buildConfigurations = (
				84CB6BC61526C2B3002F74E1 /* Debug */,
				84CB6BC71526C2B3002F74E1 /* Release */,
			);
			defaultConfigurationIsVisible = 0;
		};
/* End XCConfigurationList section */
	};
	rootObject = 84CB6BAD1526C2B3002F74E1 /* Project object */;
}
