
Microsoft Visual Studio Solution File, Format Version 12.00
# Visual Studio 2013
VisualStudioVersion = 12.0.30501.0
MinimumVisualStudioVersion = 10.0.40219.1
Project("{8BC9CEB8-8B4A-11D0-8D11-00A0C91BC942}") = "MemoryAddressing", "MemoryAddressing\MemoryAddressing.vcxproj", "{15AF2816-8843-4845-8A72-01F6524E772E}"
EndProject
Global
	GlobalSection(SolutionConfigurationPlatforms) = preSolution
		Debug|x64 = Debug|x64
		Release|x64 = Release|x64
	EndGlobalSection
	GlobalSection(ProjectConfigurationPlatforms) = postSolution
		{15AF2816-8843-4845-8A72-01F6524E772E}.Debug|x64.ActiveCfg = Debug|x64
		{15AF2816-8843-4845-8A72-01F6524E772E}.Debug|x64.Build.0 = Debug|x64
		{15AF2816-8843-4845-8A72-01F6524E772E}.Release|x64.ActiveCfg = Release|x64
		{15AF2816-8843-4845-8A72-01F6524E772E}.Release|x64.Build.0 = Release|x64
	EndGlobalSection
	GlobalSection(SolutionProperties) = preSolution
		HideSolutionNode = FALSE
	EndGlobalSection
EndGlobal
