// !$*UTF8*$!
{
	archiveVersion = 1;
	classes = {
	};
	objectVersion = 46;
	objects = {

/* Begin PBXBuildFile section */
		8483EEBD154904EF0066DE72 /* Foundation.framework in Frameworks */ = {isa = PBXBuildFile; fileRef = 8483EEBC154904EF0066DE72 /* Foundation.framework */; };
		8483EEC0154904EF0066DE72 /* main.m in Sources */ = {isa = PBXBuildFile; fileRef = 8483EEBF154904EF0066DE72 /* main.m */; };
		8483EEC4154904EF0066DE72 /* Word_Length_1.1 in CopyFiles */ = {isa = PBXBuildFile; fileRef = 8483EEC3154904EF0066DE72 /* Word_Length_1.1 */; };
/* End PBXBuildFile section */

/* Begin PBXCopyFilesBuildPhase section */
		8483EEB6154904EF0066DE72 /* CopyFiles */ = {
			isa = PBXCopyFilesBuildPhase;
			buildActionMask = 2147483647;
			dstPath = /usr/share/man/man1/;
			dstSubfolderSpec = 0;
			files = (
				8483EEC4154904EF0066DE72 /* Word_Length_1.1 in CopyFiles */,
			);
			runOnlyForDeploymentPostprocessing = 1;
		};
/* End PBXCopyFilesBuildPhase section */

/* Begin PBXFileReference section */
		8483EEB8154904EF0066DE72 /* Word-Length-1 */ = {isa = PBXFileReference; explicitFileType = "compiled.mach-o.executable"; includeInIndex = 0; path = "Word-Length-1"; sourceTree = BUILT_PRODUCTS_DIR; };
		8483EEBC154904EF0066DE72 /* Foundation.framework */ = {isa = PBXFileReference; lastKnownFileType = wrapper.framework; name = Foundation.framework; path = System/Library/Frameworks/Foundation.framework; sourceTree = SDKROOT; };
		8483EEBF154904EF0066DE72 /* main.m */ = {isa = PBXFileReference; lastKnownFileType = sourcecode.c.objc; path = main.m; sourceTree = "<group>"; };
		8483EEC2154904EF0066DE72 /* Word-Length-1-Prefix.pch */ = {isa = PBXFileReference; lastKnownFileType = sourcecode.c.h; path = "Word-Length-1-Prefix.pch"; sourceTree = "<group>"; };
		8483EEC3154904EF0066DE72 /* Word_Length_1.1 */ = {isa = PBXFileReference; lastKnownFileType = text.man; path = Word_Length_1.1; sourceTree = "<group>"; };
/* End PBXFileReference section */

/* Begin PBXFrameworksBuildPhase section */
		8483EEB5154904EF0066DE72 /* Frameworks */ = {
			isa = PBXFrameworksBuildPhase;
			buildActionMask = 2147483647;
			files = (
				8483EEBD154904EF0066DE72 /* Foundation.framework in Frameworks */,
			);
			runOnlyForDeploymentPostprocessing = 0;
		};
/* End PBXFrameworksBuildPhase section */

/* Begin PBXGroup section */
		8483EEAD154904EF0066DE72 = {
			isa = PBXGroup;
			children = (
				8483EEBE154904EF0066DE72 /* Word-Length-1 */,
				8483EEBB154904EF0066DE72 /* Frameworks */,
				8483EEB9154904EF0066DE72 /* Products */,
			);
			sourceTree = "<group>";
		};
		8483EEB9154904EF0066DE72 /* Products */ = {
			isa = PBXGroup;
			children = (
				8483EEB8154904EF0066DE72 /* Word-Length-1 */,
			);
			name = Products;
			sourceTree = "<group>";
		};
		8483EEBB154904EF0066DE72 /* Frameworks */ = {
			isa = PBXGroup;
			children = (
				8483EEBC154904EF0066DE72 /* Foundation.framework */,
			);
			name = Frameworks;
			sourceTree = "<group>";
		};
		8483EEBE154904EF0066DE72 /* Word-Length-1 */ = {
			isa = PBXGroup;
			children = (
				8483EEBF154904EF0066DE72 /* main.m */,
				8483EEC3154904EF0066DE72 /* Word_Length_1.1 */,
				8483EEC1154904EF0066DE72 /* Supporting Files */,
			);
			path = "Word-Length-1";
			sourceTree = "<group>";
		};
		8483EEC1154904EF0066DE72 /* Supporting Files */ = {
			isa = PBXGroup;
			children = (
				8483EEC2154904EF0066DE72 /* Word-Length-1-Prefix.pch */,
			);
			name = "Supporting Files";
			sourceTree = "<group>";
		};
/* End PBXGroup section */

/* Begin PBXNativeTarget section */
		8483EEB7154904EF0066DE72 /* Word-Length-1 */ = {
			isa = PBXNativeTarget;
			buildConfigurationList = 8483EEC7154904EF0066DE72 /* Build configuration list for PBXNativeTarget "Word-Length-1" */;
			buildPhases = (
				8483EEB4154904EF0066DE72 /* Sources */,
				8483EEB5154904EF0066DE72 /* Frameworks */,
				8483EEB6154904EF0066DE72 /* CopyFiles */,
			);
			buildRules = (
			);
			dependencies = (
			);
			name = "Word-Length-1";
			productName = "Word-Length-1";
			productReference = 8483EEB8154904EF0066DE72 /* Word-Length-1 */;
			productType = "com.apple.product-type.tool";
		};
/* End PBXNativeTarget section */

/* Begin PBXProject section */
		8483EEAF154904EF0066DE72 /* Project object */ = {
			isa = PBXProject;
			attributes = {
				LastUpgradeCheck = 0430;
			};
			buildConfigurationList = 8483EEB2154904EF0066DE72 /* Build configuration list for PBXProject "Word-Length-1" */;
			compatibilityVersion = "Xcode 3.2";
			developmentRegion = English;
			hasScannedForEncodings = 0;
			knownRegions = (
				en,
			);
			mainGroup = 8483EEAD154904EF0066DE72;
			productRefGroup = 8483EEB9154904EF0066DE72 /* Products */;
			projectDirPath = "";
			projectRoot = "";
			targets = (
				8483EEB7154904EF0066DE72 /* Word-Length-1 */,
			);
		};
/* End PBXProject section */

/* Begin PBXSourcesBuildPhase section */
		8483EEB4154904EF0066DE72 /* Sources */ = {
			isa = PBXSourcesBuildPhase;
			buildActionMask = 2147483647;
			files = (
				8483EEC0154904EF0066DE72 /* main.m in Sources */,
			);
			runOnlyForDeploymentPostprocessing = 0;
		};
/* End PBXSourcesBuildPhase section */

/* Begin XCBuildConfiguration section */
		8483EEC5154904EF0066DE72 /* Debug */ = {
			isa = XCBuildConfiguration;
			buildSettings = {
				ALWAYS_SEARCH_USER_PATHS = NO;
				ARCHS = "$(ARCHS_STANDARD_64_BIT)";
				COPY_PHASE_STRIP = NO;
				GCC_C_LANGUAGE_STANDARD = gnu99;
				GCC_DYNAMIC_NO_PIC = NO;
				GCC_ENABLE_OBJC_EXCEPTIONS = YES;
				GCC_OPTIMIZATION_LEVEL = 0;
				GCC_PREPROCESSOR_DEFINITIONS = (
					"DEBUG=1",
					"$(inherited)",
				);
				GCC_SYMBOLS_PRIVATE_EXTERN = NO;
				GCC_VERSION = com.apple.compilers.llvm.clang.1_0;
				GCC_WARN_64_TO_32_BIT_CONVERSION = YES;
				GCC_WARN_ABOUT_RETURN_TYPE = YES;
				GCC_WARN_UNINITIALIZED_AUTOS = YES;
				GCC_WARN_UNUSED_VARIABLE = YES;
				MACOSX_DEPLOYMENT_TARGET = 10.7;
				ONLY_ACTIVE_ARCH = YES;
				SDKROOT = macosx;
			};
			name = Debug;
		};
		8483EEC6154904EF0066DE72 /* Release */ = {
			isa = XCBuildConfiguration;
			buildSettings = {
				ALWAYS_SEARCH_USER_PATHS = NO;
				ARCHS = "$(ARCHS_STANDARD_64_BIT)";
				COPY_PHASE_STRIP = YES;
				DEBUG_INFORMATION_FORMAT = "dwarf-with-dsym";
				GCC_C_LANGUAGE_STANDARD = gnu99;
				GCC_ENABLE_OBJC_EXCEPTIONS = YES;
				GCC_VERSION = com.apple.compilers.llvm.clang.1_0;
				GCC_WARN_64_TO_32_BIT_CONVERSION = YES;
				GCC_WARN_ABOUT_RETURN_TYPE = YES;
				GCC_WARN_UNINITIALIZED_AUTOS = YES;
				GCC_WARN_UNUSED_VARIABLE = YES;
				MACOSX_DEPLOYMENT_TARGET = 10.7;
				SDKROOT = macosx;
			};
			name = Release;
		};
		8483EEC8154904EF0066DE72 /* Debug */ = {
			isa = XCBuildConfiguration;
			buildSettings = {
				GCC_PRECOMPILE_PREFIX_HEADER = YES;
				GCC_PREFIX_HEADER = "Word-Length-1/Word-Length-1-Prefix.pch";
				PRODUCT_NAME = "$(TARGET_NAME)";
			};
			name = Debug;
		};
		8483EEC9154904EF0066DE72 /* Release */ = {
			isa = XCBuildConfiguration;
			buildSettings = {
				GCC_PRECOMPILE_PREFIX_HEADER = YES;
				GCC_PREFIX_HEADER = "Word-Length-1/Word-Length-1-Prefix.pch";
				PRODUCT_NAME = "$(TARGET_NAME)";
			};
			name = Release;
		};
/* End XCBuildConfiguration section */

/* Begin XCConfigurationList section */
		8483EEB2154904EF0066DE72 /* Build configuration list for PBXProject "Word-Length-1" */ = {
			isa = XCConfigurationList;
			buildConfigurations = (
				8483EEC5154904EF0066DE72 /* Debug */,
				8483EEC6154904EF0066DE72 /* Release */,
			);
			defaultConfigurationIsVisible = 0;
			defaultConfigurationName = Release;
		};
		8483EEC7154904EF0066DE72 /* Build configuration list for PBXNativeTarget "Word-Length-1" */ = {
			isa = XCConfigurationList;
			buildConfigurations = (
				8483EEC8154904EF0066DE72 /* Debug */,
				8483EEC9154904EF0066DE72 /* Release */,
			);
			defaultConfigurationIsVisible = 0;
		};
/* End XCConfigurationList section */
	};
	rootObject = 8483EEAF154904EF0066DE72 /* Project object */;
}
