
Microsoft Visual Studio Solution File, Format Version 12.00
# Visual Studio 2013
VisualStudioVersion = 12.0.30501.0
MinimumVisualStudioVersion = 10.0.40219.1
Project("{8BC9CEB8-8B4A-11D0-8D11-00A0C91BC942}") = "AvxPackedFloatingPointColMeans", "AvxPackedFloatingPointColMeans\AvxPackedFloatingPointColMeans.vcxproj", "{582FCFA2-530D-488B-B5D4-E7727BE623FC}"
EndProject
Global
	GlobalSection(SolutionConfigurationPlatforms) = preSolution
		Debug|Win32 = Debug|Win32
		Release|Win32 = Release|Win32
	EndGlobalSection
	GlobalSection(ProjectConfigurationPlatforms) = postSolution
		{582FCFA2-530D-488B-B5D4-E7727BE623FC}.Debug|Win32.ActiveCfg = Debug|Win32
		{582FCFA2-530D-488B-B5D4-E7727BE623FC}.Debug|Win32.Build.0 = Debug|Win32
		{582FCFA2-530D-488B-B5D4-E7727BE623FC}.Release|Win32.ActiveCfg = Release|Win32
		{582FCFA2-530D-488B-B5D4-E7727BE623FC}.Release|Win32.Build.0 = Release|Win32
	EndGlobalSection
	GlobalSection(SolutionProperties) = preSolution
		HideSolutionNode = FALSE
	EndGlobalSection
EndGlobal
